// !$*UTF8*$!
{
	archiveVersion = 1;
	classes = {
	};
	objectVersion = 50;
	objects = {

/* Begin PBXBuildFile section */
		832E95B4260370DF00C08562 /* main.cpp in Sources */ = {isa = PBXBuildFile; fileRef = 832E95B3260370DF00C08562 /* main.cpp */; };
		832E95F0260371DC00C08562 /* libopencv_dnn_objdetect.4.5.1.dylib in Frameworks */ = {isa = PBXBuildFile; fileRef = 832E95BA260371D800C08562 /* libopencv_dnn_objdetect.4.5.1.dylib */; };
		832E95F1260371DC00C08562 /* libopencv_dnn.4.5.1.dylib in Frameworks */ = {isa = PBXBuildFile; fileRef = 832E95BB260371D800C08562 /* libopencv_dnn.4.5.1.dylib */; };
		832E95F2260371DC00C08562 /* libopencv_dnn_superres.4.5.1.dylib in Frameworks */ = {isa = PBXBuildFile; fileRef = 832E95BC260371D800C08562 /* libopencv_dnn_superres.4.5.1.dylib */; };
		832E95F3260371DC00C08562 /* libopencv_phase_unwrapping.4.5.1.dylib in Frameworks */ = {isa = PBXBuildFile; fileRef = 832E95BD260371D900C08562 /* libopencv_phase_unwrapping.4.5.1.dylib */; };
		832E95F4260371DC00C08562 /* libopencv_reg.4.5.1.dylib in Frameworks */ = {isa = PBXBuildFile; fileRef = 832E95BE260371D900C08562 /* libopencv_reg.4.5.1.dylib */; };
		832E95F5260371DC00C08562 /* libopencv_bioinspired.4.5.1.dylib in Frameworks */ = {isa = PBXBuildFile; fileRef = 832E95BF260371D900C08562 /* libopencv_bioinspired.4.5.1.dylib */; };
		832E95F6260371DC00C08562 /* libopencv_text.4.5.1.dylib in Frameworks */ = {isa = PBXBuildFile; fileRef = 832E95C0260371D900C08562 /* libopencv_text.4.5.1.dylib */; };
		832E95F7260371DC00C08562 /* libopencv_freetype.4.5.1.dylib in Frameworks */ = {isa = PBXBuildFile; fileRef = 832E95C1260371D900C08562 /* libopencv_freetype.4.5.1.dylib */; };
		832E95F8260371DC00C08562 /* libopencv_shape.4.5.1.dylib in Frameworks */ = {isa = PBXBuildFile; fileRef = 832E95C2260371D900C08562 /* libopencv_shape.4.5.1.dylib */; };
		832E95F9260371DC00C08562 /* libopencv_superres.4.5.1.dylib in Frameworks */ = {isa = PBXBuildFile; fileRef = 832E95C3260371D900C08562 /* libopencv_superres.4.5.1.dylib */; };
		832E95FA260371DC00C08562 /* libopencv_datasets.4.5.1.dylib in Frameworks */ = {isa = PBXBuildFile; fileRef = 832E95C4260371D900C08562 /* libopencv_datasets.4.5.1.dylib */; };
		832E95FB260371DC00C08562 /* libopencv_video.4.5.1.dylib in Frameworks */ = {isa = PBXBuildFile; fileRef = 832E95C5260371D900C08562 /* libopencv_video.4.5.1.dylib */; };
		832E95FC260371DC00C08562 /* libopencv_rgbd.4.5.1.dylib in Frameworks */ = {isa = PBXBuildFile; fileRef = 832E95C6260371D900C08562 /* libopencv_rgbd.4.5.1.dylib */; };
		832E95FD260371DC00C08562 /* libopencv_quality.4.5.1.dylib in Frameworks */ = {isa = PBXBuildFile; fileRef = 832E95C7260371D900C08562 /* libopencv_quality.4.5.1.dylib */; };
		832E95FE260371DC00C08562 /* libopencv_imgcodecs.4.5.1.dylib in Frameworks */ = {isa = PBXBuildFile; fileRef = 832E95C8260371D900C08562 /* libopencv_imgcodecs.4.5.1.dylib */; };
		832E95FF260371DC00C08562 /* libopencv_intensity_transform.4.5.1.dylib in Frameworks */ = {isa = PBXBuildFile; fileRef = 832E95C9260371D900C08562 /* libopencv_intensity_transform.4.5.1.dylib */; };
		832E9600260371DD00C08562 /* libopencv_tracking.4.5.1.dylib in Frameworks */ = {isa = PBXBuildFile; fileRef = 832E95CA260371D900C08562 /* libopencv_tracking.4.5.1.dylib */; };
		832E9601260371DD00C08562 /* libopencv_flann.4.5.1.dylib in Frameworks */ = {isa = PBXBuildFile; fileRef = 832E95CB260371D900C08562 /* libopencv_flann.4.5.1.dylib */; };
		832E9602260371DD00C08562 /* libopencv_rapid.4.5.1.dylib in Frameworks */ = {isa = PBXBuildFile; fileRef = 832E95CC260371D900C08562 /* libopencv_rapid.4.5.1.dylib */; };
		832E9603260371DD00C08562 /* libopencv_line_descriptor.4.5.1.dylib in Frameworks */ = {isa = PBXBuildFile; fileRef = 832E95CD260371D900C08562 /* libopencv_line_descriptor.4.5.1.dylib */; };
		832E9604260371DD00C08562 /* libopencv_ximgproc.4.5.1.dylib in Frameworks */ = {isa = PBXBuildFile; fileRef = 832E95CE260371DA00C08562 /* libopencv_ximgproc.4.5.1.dylib */; };
		832E9605260371DD00C08562 /* libopencv_xphoto.4.5.1.dylib in Frameworks */ = {isa = PBXBuildFile; fileRef = 832E95CF260371DA00C08562 /* libopencv_xphoto.4.5.1.dylib */; };
		832E9606260371DD00C08562 /* libopencv_stereo.4.5.1.dylib in Frameworks */ = {isa = PBXBuildFile; fileRef = 832E95D0260371DA00C08562 /* libopencv_stereo.4.5.1.dylib */; };
		832E9607260371DD00C08562 /* libopencv_sfm.4.5.1.dylib in Frameworks */ = {isa = PBXBuildFile; fileRef = 832E95D1260371DA00C08562 /* libopencv_sfm.4.5.1.dylib */; };
		832E9608260371DD00C08562 /* libopencv_videoio.4.5.1.dylib in Frameworks */ = {isa = PBXBuildFile; fileRef = 832E95D2260371DA00C08562 /* libopencv_videoio.4.5.1.dylib */; };
		832E9609260371DD00C08562 /* libopencv_xfeatures2d.4.5.1.dylib in Frameworks */ = {isa = PBXBuildFile; fileRef = 832E95D3260371DA00C08562 /* libopencv_xfeatures2d.4.5.1.dylib */; };
		832E960A260371DD00C08562 /* libopencv_fuzzy.4.5.1.dylib in Frameworks */ = {isa = PBXBuildFile; fileRef = 832E95D4260371DA00C08562 /* libopencv_fuzzy.4.5.1.dylib */; };
		832E960B260371DD00C08562 /* libopencv_stitching.4.5.1.dylib in Frameworks */ = {isa = PBXBuildFile; fileRef = 832E95D5260371DA00C08562 /* libopencv_stitching.4.5.1.dylib */; };
		832E960C260371DD00C08562 /* libopencv_face.4.5.1.dylib in Frameworks */ = {isa = PBXBuildFile; fileRef = 832E95D6260371DA00C08562 /* libopencv_face.4.5.1.dylib */; };
		832E960D260371DD00C08562 /* libopencv_saliency.4.5.1.dylib in Frameworks */ = {isa = PBXBuildFile; fileRef = 832E95D7260371DA00C08562 /* libopencv_saliency.4.5.1.dylib */; };
		832E960E260371DD00C08562 /* libopencv_objdetect.4.5.1.dylib in Frameworks */ = {isa = PBXBuildFile; fileRef = 832E95D8260371DA00C08562 /* libopencv_objdetect.4.5.1.dylib */; };
		832E960F260371DD00C08562 /* libopencv_gapi.4.5.1.dylib in Frameworks */ = {isa = PBXBuildFile; fileRef = 832E95D9260371DA00C08562 /* libopencv_gapi.4.5.1.dylib */; };
		832E9610260371DD00C08562 /* libopencv_surface_matching.4.5.1.dylib in Frameworks */ = {isa = PBXBuildFile; fileRef = 832E95DA260371DA00C08562 /* libopencv_surface_matching.4.5.1.dylib */; };
		832E9611260371DD00C08562 /* libopencv_plot.4.5.1.dylib in Frameworks */ = {isa = PBXBuildFile; fileRef = 832E95DB260371DB00C08562 /* libopencv_plot.4.5.1.dylib */; };
		832E9612260371DD00C08562 /* libopencv_viz.4.5.1.dylib in Frameworks */ = {isa = PBXBuildFile; fileRef = 832E95DC260371DB00C08562 /* libopencv_viz.4.5.1.dylib */; };
		832E9613260371DD00C08562 /* libopencv_imgproc.4.5.1.dylib in Frameworks */ = {isa = PBXBuildFile; fileRef = 832E95DD260371DB00C08562 /* libopencv_imgproc.4.5.1.dylib */; };
		832E9614260371DD00C08562 /* libopencv_highgui.4.5.1.dylib in Frameworks */ = {isa = PBXBuildFile; fileRef = 832E95DE260371DB00C08562 /* libopencv_highgui.4.5.1.dylib */; };
		832E9615260371DD00C08562 /* libopencv_calib3d.4.5.1.dylib in Frameworks */ = {isa = PBXBuildFile; fileRef = 832E95DF260371DB00C08562 /* libopencv_calib3d.4.5.1.dylib */; };
		832E9616260371DD00C08562 /* libopencv_img_hash.4.5.1.dylib in Frameworks */ = {isa = PBXBuildFile; fileRef = 832E95E0260371DB00C08562 /* libopencv_img_hash.4.5.1.dylib */; };
		832E9617260371DD00C08562 /* libopencv_structured_light.4.5.1.dylib in Frameworks */ = {isa = PBXBuildFile; fileRef = 832E95E1260371DB00C08562 /* libopencv_structured_light.4.5.1.dylib */; };
		832E9618260371DD00C08562 /* libopencv_xobjdetect.4.5.1.dylib in Frameworks */ = {isa = PBXBuildFile; fileRef = 832E95E2260371DB00C08562 /* libopencv_xobjdetect.4.5.1.dylib */; };
		832E9619260371DE00C08562 /* libopencv_core.4.5.1.dylib in Frameworks */ = {isa = PBXBuildFile; fileRef = 832E95E3260371DB00C08562 /* libopencv_core.4.5.1.dylib */; };
		832E961A260371DE00C08562 /* libopencv_alphamat.4.5.1.dylib in Frameworks */ = {isa = PBXBuildFile; fileRef = 832E95E4260371DB00C08562 /* libopencv_alphamat.4.5.1.dylib */; };
		832E961B260371DE00C08562 /* libopencv_photo.4.5.1.dylib in Frameworks */ = {isa = PBXBuildFile; fileRef = 832E95E5260371DB00C08562 /* libopencv_photo.4.5.1.dylib */; };
		832E961C260371DE00C08562 /* libopencv_dpm.4.5.1.dylib in Frameworks */ = {isa = PBXBuildFile; fileRef = 832E95E6260371DB00C08562 /* libopencv_dpm.4.5.1.dylib */; };
		832E961D260371DE00C08562 /* libopencv_ml.4.5.1.dylib in Frameworks */ = {isa = PBXBuildFile; fileRef = 832E95E7260371DC00C08562 /* libopencv_ml.4.5.1.dylib */; };
		832E961E260371DE00C08562 /* libopencv_optflow.4.5.1.dylib in Frameworks */ = {isa = PBXBuildFile; fileRef = 832E95E8260371DC00C08562 /* libopencv_optflow.4.5.1.dylib */; };
		832E961F260371DE00C08562 /* libopencv_mcc.4.5.1.dylib in Frameworks */ = {isa = PBXBuildFile; fileRef = 832E95E9260371DC00C08562 /* libopencv_mcc.4.5.1.dylib */; };
		832E9620260371DE00C08562 /* libopencv_features2d.4.5.1.dylib in Frameworks */ = {isa = PBXBuildFile; fileRef = 832E95EA260371DC00C08562 /* libopencv_features2d.4.5.1.dylib */; };
		832E9621260371DE00C08562 /* libopencv_bgsegm.4.5.1.dylib in Frameworks */ = {isa = PBXBuildFile; fileRef = 832E95EB260371DC00C08562 /* libopencv_bgsegm.4.5.1.dylib */; };
		832E9622260371DE00C08562 /* libopencv_aruco.4.5.1.dylib in Frameworks */ = {isa = PBXBuildFile; fileRef = 832E95EC260371DC00C08562 /* libopencv_aruco.4.5.1.dylib */; };
		832E9623260371DE00C08562 /* libopencv_ccalib.4.5.1.dylib in Frameworks */ = {isa = PBXBuildFile; fileRef = 832E95ED260371DC00C08562 /* libopencv_ccalib.4.5.1.dylib */; };
		832E9624260371DE00C08562 /* libopencv_hfs.4.5.1.dylib in Frameworks */ = {isa = PBXBuildFile; fileRef = 832E95EE260371DC00C08562 /* libopencv_hfs.4.5.1.dylib */; };
		832E9625260371DE00C08562 /* libopencv_videostab.4.5.1.dylib in Frameworks */ = {isa = PBXBuildFile; fileRef = 832E95EF260371DC00C08562 /* libopencv_videostab.4.5.1.dylib */; };
		832E96282603D11D00C08562 /* dendogram.cpp in Sources */ = {isa = PBXBuildFile; fileRef = 832E96262603D11D00C08562 /* dendogram.cpp */; };
/* End PBXBuildFile section */

/* Begin PBXCopyFilesBuildPhase section */
		832E95AE260370DF00C08562 /* CopyFiles */ = {
			isa = PBXCopyFilesBuildPhase;
			buildActionMask = 2147483647;
			dstPath = /usr/share/man/man1/;
			dstSubfolderSpec = 0;
			files = (
			);
			runOnlyForDeploymentPostprocessing = 1;
		};
/* End PBXCopyFilesBuildPhase section */

/* Begin PBXFileReference section */
		832E95B0260370DF00C08562 /* dendrogram */ = {isa = PBXFileReference; explicitFileType = "compiled.mach-o.executable"; includeInIndex = 0; path = dendrogram; sourceTree = BUILT_PRODUCTS_DIR; };
		832E95B3260370DF00C08562 /* main.cpp */ = {isa = PBXFileReference; lastKnownFileType = sourcecode.cpp.cpp; path = main.cpp; sourceTree = "<group>"; };
		832E95BA260371D800C08562 /* libopencv_dnn_objdetect.4.5.1.dylib */ = {isa = PBXFileReference; lastKnownFileType = "compiled.mach-o.dylib"; name = libopencv_dnn_objdetect.4.5.1.dylib; path = ../../../../../../usr/local/Cellar/opencv/4.5.1_2/lib/libopencv_dnn_objdetect.4.5.1.dylib; sourceTree = "<group>"; };
		832E95BB260371D800C08562 /* libopencv_dnn.4.5.1.dylib */ = {isa = PBXFileReference; lastKnownFileType = "compiled.mach-o.dylib"; name = libopencv_dnn.4.5.1.dylib; path = ../../../../../../usr/local/Cellar/opencv/4.5.1_2/lib/libopencv_dnn.4.5.1.dylib; sourceTree = "<group>"; };
		832E95BC260371D800C08562 /* libopencv_dnn_superres.4.5.1.dylib */ = {isa = PBXFileReference; lastKnownFileType = "compiled.mach-o.dylib"; name = libopencv_dnn_superres.4.5.1.dylib; path = ../../../../../../usr/local/Cellar/opencv/4.5.1_2/lib/libopencv_dnn_superres.4.5.1.dylib; sourceTree = "<group>"; };
		832E95BD260371D900C08562 /* libopencv_phase_unwrapping.4.5.1.dylib */ = {isa = PBXFileReference; lastKnownFileType = "compiled.mach-o.dylib"; name = libopencv_phase_unwrapping.4.5.1.dylib; path = ../../../../../../usr/local/Cellar/opencv/4.5.1_2/lib/libopencv_phase_unwrapping.4.5.1.dylib; sourceTree = "<group>"; };
		832E95BE260371D900C08562 /* libopencv_reg.4.5.1.dylib */ = {isa = PBXFileReference; lastKnownFileType = "compiled.mach-o.dylib"; name = libopencv_reg.4.5.1.dylib; path = ../../../../../../usr/local/Cellar/opencv/4.5.1_2/lib/libopencv_reg.4.5.1.dylib; sourceTree = "<group>"; };
		832E95BF260371D900C08562 /* libopencv_bioinspired.4.5.1.dylib */ = {isa = PBXFileReference; lastKnownFileType = "compiled.mach-o.dylib"; name = libopencv_bioinspired.4.5.1.dylib; path = ../../../../../../usr/local/Cellar/opencv/4.5.1_2/lib/libopencv_bioinspired.4.5.1.dylib; sourceTree = "<group>"; };
		832E95C0260371D900C08562 /* libopencv_text.4.5.1.dylib */ = {isa = PBXFileReference; lastKnownFileType = "compiled.mach-o.dylib"; name = libopencv_text.4.5.1.dylib; path = ../../../../../../usr/local/Cellar/opencv/4.5.1_2/lib/libopencv_text.4.5.1.dylib; sourceTree = "<group>"; };
		832E95C1260371D900C08562 /* libopencv_freetype.4.5.1.dylib */ = {isa = PBXFileReference; lastKnownFileType = "compiled.mach-o.dylib"; name = libopencv_freetype.4.5.1.dylib; path = ../../../../../../usr/local/Cellar/opencv/4.5.1_2/lib/libopencv_freetype.4.5.1.dylib; sourceTree = "<group>"; };
		832E95C2260371D900C08562 /* libopencv_shape.4.5.1.dylib */ = {isa = PBXFileReference; lastKnownFileType = "compiled.mach-o.dylib"; name = libopencv_shape.4.5.1.dylib; path = ../../../../../../usr/local/Cellar/opencv/4.5.1_2/lib/libopencv_shape.4.5.1.dylib; sourceTree = "<group>"; };
		832E95C3260371D900C08562 /* libopencv_superres.4.5.1.dylib */ = {isa = PBXFileReference; lastKnownFileType = "compiled.mach-o.dylib"; name = libopencv_superres.4.5.1.dylib; path = ../../../../../../usr/local/Cellar/opencv/4.5.1_2/lib/libopencv_superres.4.5.1.dylib; sourceTree = "<group>"; };
		832E95C4260371D900C08562 /* libopencv_datasets.4.5.1.dylib */ = {isa = PBXFileReference; lastKnownFileType = "compiled.mach-o.dylib"; name = libopencv_datasets.4.5.1.dylib; path = ../../../../../../usr/local/Cellar/opencv/4.5.1_2/lib/libopencv_datasets.4.5.1.dylib; sourceTree = "<group>"; };
		832E95C5260371D900C08562 /* libopencv_video.4.5.1.dylib */ = {isa = PBXFileReference; lastKnownFileType = "compiled.mach-o.dylib"; name = libopencv_video.4.5.1.dylib; path = ../../../../../../usr/local/Cellar/opencv/4.5.1_2/lib/libopencv_video.4.5.1.dylib; sourceTree = "<group>"; };
		832E95C6260371D900C08562 /* libopencv_rgbd.4.5.1.dylib */ = {isa = PBXFileReference; lastKnownFileType = "compiled.mach-o.dylib"; name = libopencv_rgbd.4.5.1.dylib; path = ../../../../../../usr/local/Cellar/opencv/4.5.1_2/lib/libopencv_rgbd.4.5.1.dylib; sourceTree = "<group>"; };
		832E95C7260371D900C08562 /* libopencv_quality.4.5.1.dylib */ = {isa = PBXFileReference; lastKnownFileType = "compiled.mach-o.dylib"; name = libopencv_quality.4.5.1.dylib; path = ../../../../../../usr/local/Cellar/opencv/4.5.1_2/lib/libopencv_quality.4.5.1.dylib; sourceTree = "<group>"; };
		832E95C8260371D900C08562 /* libopencv_imgcodecs.4.5.1.dylib */ = {isa = PBXFileReference; lastKnownFileType = "compiled.mach-o.dylib"; name = libopencv_imgcodecs.4.5.1.dylib; path = ../../../../../../usr/local/Cellar/opencv/4.5.1_2/lib/libopencv_imgcodecs.4.5.1.dylib; sourceTree = "<group>"; };
		832E95C9260371D900C08562 /* libopencv_intensity_transform.4.5.1.dylib */ = {isa = PBXFileReference; lastKnownFileType = "compiled.mach-o.dylib"; name = libopencv_intensity_transform.4.5.1.dylib; path = ../../../../../../usr/local/Cellar/opencv/4.5.1_2/lib/libopencv_intensity_transform.4.5.1.dylib; sourceTree = "<group>"; };
		832E95CA260371D900C08562 /* libopencv_tracking.4.5.1.dylib */ = {isa = PBXFileReference; lastKnownFileType = "compiled.mach-o.dylib"; name = libopencv_tracking.4.5.1.dylib; path = ../../../../../../usr/local/Cellar/opencv/4.5.1_2/lib/libopencv_tracking.4.5.1.dylib; sourceTree = "<group>"; };
		832E95CB260371D900C08562 /* libopencv_flann.4.5.1.dylib */ = {isa = PBXFileReference; lastKnownFileType = "compiled.mach-o.dylib"; name = libopencv_flann.4.5.1.dylib; path = ../../../../../../usr/local/Cellar/opencv/4.5.1_2/lib/libopencv_flann.4.5.1.dylib; sourceTree = "<group>"; };
		832E95CC260371D900C08562 /* libopencv_rapid.4.5.1.dylib */ = {isa = PBXFileReference; lastKnownFileType = "compiled.mach-o.dylib"; name = libopencv_rapid.4.5.1.dylib; path = ../../../../../../usr/local/Cellar/opencv/4.5.1_2/lib/libopencv_rapid.4.5.1.dylib; sourceTree = "<group>"; };
		832E95CD260371D900C08562 /* libopencv_line_descriptor.4.5.1.dylib */ = {isa = PBXFileReference; lastKnownFileType = "compiled.mach-o.dylib"; name = libopencv_line_descriptor.4.5.1.dylib; path = ../../../../../../usr/local/Cellar/opencv/4.5.1_2/lib/libopencv_line_descriptor.4.5.1.dylib; sourceTree = "<group>"; };
		832E95CE260371DA00C08562 /* libopencv_ximgproc.4.5.1.dylib */ = {isa = PBXFileReference; lastKnownFileType = "compiled.mach-o.dylib"; name = libopencv_ximgproc.4.5.1.dylib; path = ../../../../../../usr/local/Cellar/opencv/4.5.1_2/lib/libopencv_ximgproc.4.5.1.dylib; sourceTree = "<group>"; };
		832E95CF260371DA00C08562 /* libopencv_xphoto.4.5.1.dylib */ = {isa = PBXFileReference; lastKnownFileType = "compiled.mach-o.dylib"; name = libopencv_xphoto.4.5.1.dylib; path = ../../../../../../usr/local/Cellar/opencv/4.5.1_2/lib/libopencv_xphoto.4.5.1.dylib; sourceTree = "<group>"; };
		832E95D0260371DA00C08562 /* libopencv_stereo.4.5.1.dylib */ = {isa = PBXFileReference; lastKnownFileType = "compiled.mach-o.dylib"; name = libopencv_stereo.4.5.1.dylib; path = ../../../../../../usr/local/Cellar/opencv/4.5.1_2/lib/libopencv_stereo.4.5.1.dylib; sourceTree = "<group>"; };
		832E95D1260371DA00C08562 /* libopencv_sfm.4.5.1.dylib */ = {isa = PBXFileReference; lastKnownFileType = "compiled.mach-o.dylib"; name = libopencv_sfm.4.5.1.dylib; path = ../../../../../../usr/local/Cellar/opencv/4.5.1_2/lib/libopencv_sfm.4.5.1.dylib; sourceTree = "<group>"; };
		832E95D2260371DA00C08562 /* libopencv_videoio.4.5.1.dylib */ = {isa = PBXFileReference; lastKnownFileType = "compiled.mach-o.dylib"; name = libopencv_videoio.4.5.1.dylib; path = ../../../../../../usr/local/Cellar/opencv/4.5.1_2/lib/libopencv_videoio.4.5.1.dylib; sourceTree = "<group>"; };
		832E95D3260371DA00C08562 /* libopencv_xfeatures2d.4.5.1.dylib */ = {isa = PBXFileReference; lastKnownFileType = "compiled.mach-o.dylib"; name = libopencv_xfeatures2d.4.5.1.dylib; path = ../../../../../../usr/local/Cellar/opencv/4.5.1_2/lib/libopencv_xfeatures2d.4.5.1.dylib; sourceTree = "<group>"; };
		832E95D4260371DA00C08562 /* libopencv_fuzzy.4.5.1.dylib */ = {isa = PBXFileReference; lastKnownFileType = "compiled.mach-o.dylib"; name = libopencv_fuzzy.4.5.1.dylib; path = ../../../../../../usr/local/Cellar/opencv/4.5.1_2/lib/libopencv_fuzzy.4.5.1.dylib; sourceTree = "<group>"; };
		832E95D5260371DA00C08562 /* libopencv_stitching.4.5.1.dylib */ = {isa = PBXFileReference; lastKnownFileType = "compiled.mach-o.dylib"; name = libopencv_stitching.4.5.1.dylib; path = ../../../../../../usr/local/Cellar/opencv/4.5.1_2/lib/libopencv_stitching.4.5.1.dylib; sourceTree = "<group>"; };
		832E95D6260371DA00C08562 /* libopencv_face.4.5.1.dylib */ = {isa = PBXFileReference; lastKnownFileType = "compiled.mach-o.dylib"; name = libopencv_face.4.5.1.dylib; path = ../../../../../../usr/local/Cellar/opencv/4.5.1_2/lib/libopencv_face.4.5.1.dylib; sourceTree = "<group>"; };
		832E95D7260371DA00C08562 /* libopencv_saliency.4.5.1.dylib */ = {isa = PBXFileReference; lastKnownFileType = "compiled.mach-o.dylib"; name = libopencv_saliency.4.5.1.dylib; path = ../../../../../../usr/local/Cellar/opencv/4.5.1_2/lib/libopencv_saliency.4.5.1.dylib; sourceTree = "<group>"; };
		832E95D8260371DA00C08562 /* libopencv_objdetect.4.5.1.dylib */ = {isa = PBXFileReference; lastKnownFileType = "compiled.mach-o.dylib"; name = libopencv_objdetect.4.5.1.dylib; path = ../../../../../../usr/local/Cellar/opencv/4.5.1_2/lib/libopencv_objdetect.4.5.1.dylib; sourceTree = "<group>"; };
		832E95D9260371DA00C08562 /* libopencv_gapi.4.5.1.dylib */ = {isa = PBXFileReference; lastKnownFileType = "compiled.mach-o.dylib"; name = libopencv_gapi.4.5.1.dylib; path = ../../../../../../usr/local/Cellar/opencv/4.5.1_2/lib/libopencv_gapi.4.5.1.dylib; sourceTree = "<group>"; };
		832E95DA260371DA00C08562 /* libopencv_surface_matching.4.5.1.dylib */ = {isa = PBXFileReference; lastKnownFileType = "compiled.mach-o.dylib"; name = libopencv_surface_matching.4.5.1.dylib; path = ../../../../../../usr/local/Cellar/opencv/4.5.1_2/lib/libopencv_surface_matching.4.5.1.dylib; sourceTree = "<group>"; };
		832E95DB260371DB00C08562 /* libopencv_plot.4.5.1.dylib */ = {isa = PBXFileReference; lastKnownFileType = "compiled.mach-o.dylib"; name = libopencv_plot.4.5.1.dylib; path = ../../../../../../usr/local/Cellar/opencv/4.5.1_2/lib/libopencv_plot.4.5.1.dylib; sourceTree = "<group>"; };
		832E95DC260371DB00C08562 /* libopencv_viz.4.5.1.dylib */ = {isa = PBXFileReference; lastKnownFileType = "compiled.mach-o.dylib"; name = libopencv_viz.4.5.1.dylib; path = ../../../../../../usr/local/Cellar/opencv/4.5.1_2/lib/libopencv_viz.4.5.1.dylib; sourceTree = "<group>"; };
		832E95DD260371DB00C08562 /* libopencv_imgproc.4.5.1.dylib */ = {isa = PBXFileReference; lastKnownFileType = "compiled.mach-o.dylib"; name = libopencv_imgproc.4.5.1.dylib; path = ../../../../../../usr/local/Cellar/opencv/4.5.1_2/lib/libopencv_imgproc.4.5.1.dylib; sourceTree = "<group>"; };
		832E95DE260371DB00C08562 /* libopencv_highgui.4.5.1.dylib */ = {isa = PBXFileReference; lastKnownFileType = "compiled.mach-o.dylib"; name = libopencv_highgui.4.5.1.dylib; path = ../../../../../../usr/local/Cellar/opencv/4.5.1_2/lib/libopencv_highgui.4.5.1.dylib; sourceTree = "<group>"; };
		832E95DF260371DB00C08562 /* libopencv_calib3d.4.5.1.dylib */ = {isa = PBXFileReference; lastKnownFileType = "compiled.mach-o.dylib"; name = libopencv_calib3d.4.5.1.dylib; path = ../../../../../../usr/local/Cellar/opencv/4.5.1_2/lib/libopencv_calib3d.4.5.1.dylib; sourceTree = "<group>"; };
		832E95E0260371DB00C08562 /* libopencv_img_hash.4.5.1.dylib */ = {isa = PBXFileReference; lastKnownFileType = "compiled.mach-o.dylib"; name = libopencv_img_hash.4.5.1.dylib; path = ../../../../../../usr/local/Cellar/opencv/4.5.1_2/lib/libopencv_img_hash.4.5.1.dylib; sourceTree = "<group>"; };
		832E95E1260371DB00C08562 /* libopencv_structured_light.4.5.1.dylib */ = {isa = PBXFileReference; lastKnownFileType = "compiled.mach-o.dylib"; name = libopencv_structured_light.4.5.1.dylib; path = ../../../../../../usr/local/Cellar/opencv/4.5.1_2/lib/libopencv_structured_light.4.5.1.dylib; sourceTree = "<group>"; };
		832E95E2260371DB00C08562 /* libopencv_xobjdetect.4.5.1.dylib */ = {isa = PBXFileReference; lastKnownFileType = "compiled.mach-o.dylib"; name = libopencv_xobjdetect.4.5.1.dylib; path = ../../../../../../usr/local/Cellar/opencv/4.5.1_2/lib/libopencv_xobjdetect.4.5.1.dylib; sourceTree = "<group>"; };
		832E95E3260371DB00C08562 /* libopencv_core.4.5.1.dylib */ = {isa = PBXFileReference; lastKnownFileType = "compiled.mach-o.dylib"; name = libopencv_core.4.5.1.dylib; path = ../../../../../../usr/local/Cellar/opencv/4.5.1_2/lib/libopencv_core.4.5.1.dylib; sourceTree = "<group>"; };
		832E95E4260371DB00C08562 /* libopencv_alphamat.4.5.1.dylib */ = {isa = PBXFileReference; lastKnownFileType = "compiled.mach-o.dylib"; name = libopencv_alphamat.4.5.1.dylib; path = ../../../../../../usr/local/Cellar/opencv/4.5.1_2/lib/libopencv_alphamat.4.5.1.dylib; sourceTree = "<group>"; };
		832E95E5260371DB00C08562 /* libopencv_photo.4.5.1.dylib */ = {isa = PBXFileReference; lastKnownFileType = "compiled.mach-o.dylib"; name = libopencv_photo.4.5.1.dylib; path = ../../../../../../usr/local/Cellar/opencv/4.5.1_2/lib/libopencv_photo.4.5.1.dylib; sourceTree = "<group>"; };
		832E95E6260371DB00C08562 /* libopencv_dpm.4.5.1.dylib */ = {isa = PBXFileReference; lastKnownFileType = "compiled.mach-o.dylib"; name = libopencv_dpm.4.5.1.dylib; path = ../../../../../../usr/local/Cellar/opencv/4.5.1_2/lib/libopencv_dpm.4.5.1.dylib; sourceTree = "<group>"; };
		832E95E7260371DC00C08562 /* libopencv_ml.4.5.1.dylib */ = {isa = PBXFileReference; lastKnownFileType = "compiled.mach-o.dylib"; name = libopencv_ml.4.5.1.dylib; path = ../../../../../../usr/local/Cellar/opencv/4.5.1_2/lib/libopencv_ml.4.5.1.dylib; sourceTree = "<group>"; };
		832E95E8260371DC00C08562 /* libopencv_optflow.4.5.1.dylib */ = {isa = PBXFileReference; lastKnownFileType = "compiled.mach-o.dylib"; name = libopencv_optflow.4.5.1.dylib; path = ../../../../../../usr/local/Cellar/opencv/4.5.1_2/lib/libopencv_optflow.4.5.1.dylib; sourceTree = "<group>"; };
		832E95E9260371DC00C08562 /* libopencv_mcc.4.5.1.dylib */ = {isa = PBXFileReference; lastKnownFileType = "compiled.mach-o.dylib"; name = libopencv_mcc.4.5.1.dylib; path = ../../../../../../usr/local/Cellar/opencv/4.5.1_2/lib/libopencv_mcc.4.5.1.dylib; sourceTree = "<group>"; };
		832E95EA260371DC00C08562 /* libopencv_features2d.4.5.1.dylib */ = {isa = PBXFileReference; lastKnownFileType = "compiled.mach-o.dylib"; name = libopencv_features2d.4.5.1.dylib; path = ../../../../../../usr/local/Cellar/opencv/4.5.1_2/lib/libopencv_features2d.4.5.1.dylib; sourceTree = "<group>"; };
		832E95EB260371DC00C08562 /* libopencv_bgsegm.4.5.1.dylib */ = {isa = PBXFileReference; lastKnownFileType = "compiled.mach-o.dylib"; name = libopencv_bgsegm.4.5.1.dylib; path = ../../../../../../usr/local/Cellar/opencv/4.5.1_2/lib/libopencv_bgsegm.4.5.1.dylib; sourceTree = "<group>"; };
		832E95EC260371DC00C08562 /* libopencv_aruco.4.5.1.dylib */ = {isa = PBXFileReference; lastKnownFileType = "compiled.mach-o.dylib"; name = libopencv_aruco.4.5.1.dylib; path = ../../../../../../usr/local/Cellar/opencv/4.5.1_2/lib/libopencv_aruco.4.5.1.dylib; sourceTree = "<group>"; };
		832E95ED260371DC00C08562 /* libopencv_ccalib.4.5.1.dylib */ = {isa = PBXFileReference; lastKnownFileType = "compiled.mach-o.dylib"; name = libopencv_ccalib.4.5.1.dylib; path = ../../../../../../usr/local/Cellar/opencv/4.5.1_2/lib/libopencv_ccalib.4.5.1.dylib; sourceTree = "<group>"; };
		832E95EE260371DC00C08562 /* libopencv_hfs.4.5.1.dylib */ = {isa = PBXFileReference; lastKnownFileType = "compiled.mach-o.dylib"; name = libopencv_hfs.4.5.1.dylib; path = ../../../../../../usr/local/Cellar/opencv/4.5.1_2/lib/libopencv_hfs.4.5.1.dylib; sourceTree = "<group>"; };
		832E95EF260371DC00C08562 /* libopencv_videostab.4.5.1.dylib */ = {isa = PBXFileReference; lastKnownFileType = "compiled.mach-o.dylib"; name = libopencv_videostab.4.5.1.dylib; path = ../../../../../../usr/local/Cellar/opencv/4.5.1_2/lib/libopencv_videostab.4.5.1.dylib; sourceTree = "<group>"; };
		832E96262603D11D00C08562 /* dendogram.cpp */ = {isa = PBXFileReference; lastKnownFileType = sourcecode.cpp.cpp; path = dendogram.cpp; sourceTree = "<group>"; };
		832E96272603D11D00C08562 /* dendogram.hpp */ = {isa = PBXFileReference; lastKnownFileType = sourcecode.cpp.h; path = dendogram.hpp; sourceTree = "<group>"; };
/* End PBXFileReference section */

/* Begin PBXFrameworksBuildPhase section */
		832E95AD260370DF00C08562 /* Frameworks */ = {
			isa = PBXFrameworksBuildPhase;
			buildActionMask = 2147483647;
			files = (
				832E960E260371DD00C08562 /* libopencv_objdetect.4.5.1.dylib in Frameworks */,
				832E95F5260371DC00C08562 /* libopencv_bioinspired.4.5.1.dylib in Frameworks */,
				832E960F260371DD00C08562 /* libopencv_gapi.4.5.1.dylib in Frameworks */,
				832E9606260371DD00C08562 /* libopencv_stereo.4.5.1.dylib in Frameworks */,
				832E9621260371DE00C08562 /* libopencv_bgsegm.4.5.1.dylib in Frameworks */,
				832E9612260371DD00C08562 /* libopencv_viz.4.5.1.dylib in Frameworks */,
				832E95FA260371DC00C08562 /* libopencv_datasets.4.5.1.dylib in Frameworks */,
				832E9603260371DD00C08562 /* libopencv_line_descriptor.4.5.1.dylib in Frameworks */,
				832E9605260371DD00C08562 /* libopencv_xphoto.4.5.1.dylib in Frameworks */,
				832E95FF260371DC00C08562 /* libopencv_intensity_transform.4.5.1.dylib in Frameworks */,
				832E960C260371DD00C08562 /* libopencv_face.4.5.1.dylib in Frameworks */,
				832E9622260371DE00C08562 /* libopencv_aruco.4.5.1.dylib in Frameworks */,
				832E9615260371DD00C08562 /* libopencv_calib3d.4.5.1.dylib in Frameworks */,
				832E95F7260371DC00C08562 /* libopencv_freetype.4.5.1.dylib in Frameworks */,
				832E95F3260371DC00C08562 /* libopencv_phase_unwrapping.4.5.1.dylib in Frameworks */,
				832E961E260371DE00C08562 /* libopencv_optflow.4.5.1.dylib in Frameworks */,
				832E960D260371DD00C08562 /* libopencv_saliency.4.5.1.dylib in Frameworks */,
				832E9614260371DD00C08562 /* libopencv_highgui.4.5.1.dylib in Frameworks */,
				832E9608260371DD00C08562 /* libopencv_videoio.4.5.1.dylib in Frameworks */,
				832E9601260371DD00C08562 /* libopencv_flann.4.5.1.dylib in Frameworks */,
				832E9617260371DD00C08562 /* libopencv_structured_light.4.5.1.dylib in Frameworks */,
				832E961F260371DE00C08562 /* libopencv_mcc.4.5.1.dylib in Frameworks */,
				832E95F4260371DC00C08562 /* libopencv_reg.4.5.1.dylib in Frameworks */,
				832E95FB260371DC00C08562 /* libopencv_video.4.5.1.dylib in Frameworks */,
				832E961D260371DE00C08562 /* libopencv_ml.4.5.1.dylib in Frameworks */,
				832E9613260371DD00C08562 /* libopencv_imgproc.4.5.1.dylib in Frameworks */,
				832E9600260371DD00C08562 /* libopencv_tracking.4.5.1.dylib in Frameworks */,
				832E9609260371DD00C08562 /* libopencv_xfeatures2d.4.5.1.dylib in Frameworks */,
				832E9624260371DE00C08562 /* libopencv_hfs.4.5.1.dylib in Frameworks */,
				832E9618260371DD00C08562 /* libopencv_xobjdetect.4.5.1.dylib in Frameworks */,
				832E95F9260371DC00C08562 /* libopencv_superres.4.5.1.dylib in Frameworks */,
				832E95F1260371DC00C08562 /* libopencv_dnn.4.5.1.dylib in Frameworks */,
				832E9620260371DE00C08562 /* libopencv_features2d.4.5.1.dylib in Frameworks */,
				832E9616260371DD00C08562 /* libopencv_img_hash.4.5.1.dylib in Frameworks */,
				832E9623260371DE00C08562 /* libopencv_ccalib.4.5.1.dylib in Frameworks */,
				832E95F0260371DC00C08562 /* libopencv_dnn_objdetect.4.5.1.dylib in Frameworks */,
				832E95FD260371DC00C08562 /* libopencv_quality.4.5.1.dylib in Frameworks */,
				832E9611260371DD00C08562 /* libopencv_plot.4.5.1.dylib in Frameworks */,
				832E95F6260371DC00C08562 /* libopencv_text.4.5.1.dylib in Frameworks */,
				832E961A260371DE00C08562 /* libopencv_alphamat.4.5.1.dylib in Frameworks */,
				832E960B260371DD00C08562 /* libopencv_stitching.4.5.1.dylib in Frameworks */,
				832E95FC260371DC00C08562 /* libopencv_rgbd.4.5.1.dylib in Frameworks */,
				832E9610260371DD00C08562 /* libopencv_surface_matching.4.5.1.dylib in Frameworks */,
				832E95FE260371DC00C08562 /* libopencv_imgcodecs.4.5.1.dylib in Frameworks */,
				832E960A260371DD00C08562 /* libopencv_fuzzy.4.5.1.dylib in Frameworks */,
				832E9619260371DE00C08562 /* libopencv_core.4.5.1.dylib in Frameworks */,
				832E961C260371DE00C08562 /* libopencv_dpm.4.5.1.dylib in Frameworks */,
				832E9604260371DD00C08562 /* libopencv_ximgproc.4.5.1.dylib in Frameworks */,
				832E95F2260371DC00C08562 /* libopencv_dnn_superres.4.5.1.dylib in Frameworks */,
				832E9625260371DE00C08562 /* libopencv_videostab.4.5.1.dylib in Frameworks */,
				832E961B260371DE00C08562 /* libopencv_photo.4.5.1.dylib in Frameworks */,
				832E9602260371DD00C08562 /* libopencv_rapid.4.5.1.dylib in Frameworks */,
				832E9607260371DD00C08562 /* libopencv_sfm.4.5.1.dylib in Frameworks */,
				832E95F8260371DC00C08562 /* libopencv_shape.4.5.1.dylib in Frameworks */,
			);
			runOnlyForDeploymentPostprocessing = 0;
		};
/* End PBXFrameworksBuildPhase section */

/* Begin PBXGroup section */
		832E95A7260370DF00C08562 = {
			isa = PBXGroup;
			children = (
				832E95E4260371DB00C08562 /* libopencv_alphamat.4.5.1.dylib */,
				832E95EC260371DC00C08562 /* libopencv_aruco.4.5.1.dylib */,
				832E95EB260371DC00C08562 /* libopencv_bgsegm.4.5.1.dylib */,
				832E95BF260371D900C08562 /* libopencv_bioinspired.4.5.1.dylib */,
				832E95DF260371DB00C08562 /* libopencv_calib3d.4.5.1.dylib */,
				832E95ED260371DC00C08562 /* libopencv_ccalib.4.5.1.dylib */,
				832E95E3260371DB00C08562 /* libopencv_core.4.5.1.dylib */,
				832E95C4260371D900C08562 /* libopencv_datasets.4.5.1.dylib */,
				832E95BA260371D800C08562 /* libopencv_dnn_objdetect.4.5.1.dylib */,
				832E95BC260371D800C08562 /* libopencv_dnn_superres.4.5.1.dylib */,
				832E95BB260371D800C08562 /* libopencv_dnn.4.5.1.dylib */,
				832E95E6260371DB00C08562 /* libopencv_dpm.4.5.1.dylib */,
				832E95D6260371DA00C08562 /* libopencv_face.4.5.1.dylib */,
				832E95EA260371DC00C08562 /* libopencv_features2d.4.5.1.dylib */,
				832E95CB260371D900C08562 /* libopencv_flann.4.5.1.dylib */,
				832E95C1260371D900C08562 /* libopencv_freetype.4.5.1.dylib */,
				832E95D4260371DA00C08562 /* libopencv_fuzzy.4.5.1.dylib */,
				832E95D9260371DA00C08562 /* libopencv_gapi.4.5.1.dylib */,
				832E95EE260371DC00C08562 /* libopencv_hfs.4.5.1.dylib */,
				832E95DE260371DB00C08562 /* libopencv_highgui.4.5.1.dylib */,
				832E95E0260371DB00C08562 /* libopencv_img_hash.4.5.1.dylib */,
				832E95C8260371D900C08562 /* libopencv_imgcodecs.4.5.1.dylib */,
				832E95DD260371DB00C08562 /* libopencv_imgproc.4.5.1.dylib */,
				832E95C9260371D900C08562 /* libopencv_intensity_transform.4.5.1.dylib */,
				832E95CD260371D900C08562 /* libopencv_line_descriptor.4.5.1.dylib */,
				832E95E9260371DC00C08562 /* libopencv_mcc.4.5.1.dylib */,
				832E95E7260371DC00C08562 /* libopencv_ml.4.5.1.dylib */,
				832E95D8260371DA00C08562 /* libopencv_objdetect.4.5.1.dylib */,
				832E95E8260371DC00C08562 /* libopencv_optflow.4.5.1.dylib */,
				832E95BD260371D900C08562 /* libopencv_phase_unwrapping.4.5.1.dylib */,
				832E95E5260371DB00C08562 /* libopencv_photo.4.5.1.dylib */,
				832E95DB260371DB00C08562 /* libopencv_plot.4.5.1.dylib */,
				832E95C7260371D900C08562 /* libopencv_quality.4.5.1.dylib */,
				832E95CC260371D900C08562 /* libopencv_rapid.4.5.1.dylib */,
				832E95BE260371D900C08562 /* libopencv_reg.4.5.1.dylib */,
				832E95C6260371D900C08562 /* libopencv_rgbd.4.5.1.dylib */,
				832E95D7260371DA00C08562 /* libopencv_saliency.4.5.1.dylib */,
				832E95D1260371DA00C08562 /* libopencv_sfm.4.5.1.dylib */,
				832E95C2260371D900C08562 /* libopencv_shape.4.5.1.dylib */,
				832E95D0260371DA00C08562 /* libopencv_stereo.4.5.1.dylib */,
				832E95D5260371DA00C08562 /* libopencv_stitching.4.5.1.dylib */,
				832E95E1260371DB00C08562 /* libopencv_structured_light.4.5.1.dylib */,
				832E95C3260371D900C08562 /* libopencv_superres.4.5.1.dylib */,
				832E95DA260371DA00C08562 /* libopencv_surface_matching.4.5.1.dylib */,
				832E95C0260371D900C08562 /* libopencv_text.4.5.1.dylib */,
				832E95CA260371D900C08562 /* libopencv_tracking.4.5.1.dylib */,
				832E95C5260371D900C08562 /* libopencv_video.4.5.1.dylib */,
				832E95D2260371DA00C08562 /* libopencv_videoio.4.5.1.dylib */,
				832E95EF260371DC00C08562 /* libopencv_videostab.4.5.1.dylib */,
				832E95DC260371DB00C08562 /* libopencv_viz.4.5.1.dylib */,
				832E95D3260371DA00C08562 /* libopencv_xfeatures2d.4.5.1.dylib */,
				832E95CE260371DA00C08562 /* libopencv_ximgproc.4.5.1.dylib */,
				832E95E2260371DB00C08562 /* libopencv_xobjdetect.4.5.1.dylib */,
				832E95CF260371DA00C08562 /* libopencv_xphoto.4.5.1.dylib */,
				832E95B2260370DF00C08562 /* dendrogram */,
				832E95B1260370DF00C08562 /* Products */,
			);
			sourceTree = "<group>";
		};
		832E95B1260370DF00C08562 /* Products */ = {
			isa = PBXGroup;
			children = (
				832E95B0260370DF00C08562 /* dendrogram */,
			);
			name = Products;
			sourceTree = "<group>";
		};
		832E95B2260370DF00C08562 /* dendrogram */ = {
			isa = PBXGroup;
			children = (
				832E95B3260370DF00C08562 /* main.cpp */,
				832E96262603D11D00C08562 /* dendogram.cpp */,
				832E96272603D11D00C08562 /* dendogram.hpp */,
			);
			path = dendrogram;
			sourceTree = "<group>";
		};
/* End PBXGroup section */

/* Begin PBXNativeTarget section */
		832E95AF260370DF00C08562 /* dendrogram */ = {
			isa = PBXNativeTarget;
			buildConfigurationList = 832E95B7260370DF00C08562 /* Build configuration list for PBXNativeTarget "dendrogram" */;
			buildPhases = (
				832E95AC260370DF00C08562 /* Sources */,
				832E95AD260370DF00C08562 /* Frameworks */,
				832E95AE260370DF00C08562 /* CopyFiles */,
			);
			buildRules = (
			);
			dependencies = (
			);
			name = dendrogram;
			productName = dendrogram;
			productReference = 832E95B0260370DF00C08562 /* dendrogram */;
			productType = "com.apple.product-type.tool";
		};
/* End PBXNativeTarget section */

/* Begin PBXProject section */
		832E95A8260370DF00C08562 /* Project object */ = {
			isa = PBXProject;
			attributes = {
				LastUpgradeCheck = 1170;
				ORGANIZATIONNAME = "Данил Шумков";
				TargetAttributes = {
					832E95AF260370DF00C08562 = {
						CreatedOnToolsVersion = 11.7;
					};
				};
			};
			buildConfigurationList = 832E95AB260370DF00C08562 /* Build configuration list for PBXProject "dendrogram" */;
			compatibilityVersion = "Xcode 9.3";
			developmentRegion = en;
			hasScannedForEncodings = 0;
			knownRegions = (
				en,
				Base,
			);
			mainGroup = 832E95A7260370DF00C08562;
			productRefGroup = 832E95B1260370DF00C08562 /* Products */;
			projectDirPath = "";
			projectRoot = "";
			targets = (
				832E95AF260370DF00C08562 /* dendrogram */,
			);
		};
/* End PBXProject section */

/* Begin PBXSourcesBuildPhase section */
		832E95AC260370DF00C08562 /* Sources */ = {
			isa = PBXSourcesBuildPhase;
			buildActionMask = 2147483647;
			files = (
				832E95B4260370DF00C08562 /* main.cpp in Sources */,
				832E96282603D11D00C08562 /* dendogram.cpp in Sources */,
			);
			runOnlyForDeploymentPostprocessing = 0;
		};
/* End PBXSourcesBuildPhase section */

/* Begin XCBuildConfiguration section */
		832E95B5260370DF00C08562 /* Debug */ = {
			isa = XCBuildConfiguration;
			buildSettings = {
				ALWAYS_SEARCH_USER_PATHS = NO;
				CLANG_ANALYZER_NONNULL = YES;
				CLANG_ANALYZER_NUMBER_OBJECT_CONVERSION = YES_AGGRESSIVE;
				CLANG_CXX_LANGUAGE_STANDARD = "gnu++14";
				CLANG_CXX_LIBRARY = "libc++";
				CLANG_ENABLE_MODULES = YES;
				CLANG_ENABLE_OBJC_ARC = YES;
				CLANG_ENABLE_OBJC_WEAK = YES;
				CLANG_WARN_BLOCK_CAPTURE_AUTORELEASING = YES;
				CLANG_WARN_BOOL_CONVERSION = YES;
				CLANG_WARN_COMMA = YES;
				CLANG_WARN_CONSTANT_CONVERSION = YES;
				CLANG_WARN_DEPRECATED_OBJC_IMPLEMENTATIONS = YES;
				CLANG_WARN_DIRECT_OBJC_ISA_USAGE = YES_ERROR;
				CLANG_WARN_DOCUMENTATION_COMMENTS = YES;
				CLANG_WARN_EMPTY_BODY = YES;
				CLANG_WARN_ENUM_CONVERSION = YES;
				CLANG_WARN_INFINITE_RECURSION = YES;
				CLANG_WARN_INT_CONVERSION = YES;
				CLANG_WARN_NON_LITERAL_NULL_CONVERSION = YES;
				CLANG_WARN_OBJC_IMPLICIT_RETAIN_SELF = YES;
				CLANG_WARN_OBJC_LITERAL_CONVERSION = YES;
				CLANG_WARN_OBJC_ROOT_CLASS = YES_ERROR;
				CLANG_WARN_RANGE_LOOP_ANALYSIS = YES;
				CLANG_WARN_STRICT_PROTOTYPES = YES;
				CLANG_WARN_SUSPICIOUS_MOVE = YES;
				CLANG_WARN_UNGUARDED_AVAILABILITY = YES_AGGRESSIVE;
				CLANG_WARN_UNREACHABLE_CODE = YES;
				CLANG_WARN__DUPLICATE_METHOD_MATCH = YES;
				COPY_PHASE_STRIP = NO;
				DEBUG_INFORMATION_FORMAT = dwarf;
				ENABLE_STRICT_OBJC_MSGSEND = YES;
				ENABLE_TESTABILITY = YES;
				GCC_C_LANGUAGE_STANDARD = gnu11;
				GCC_DYNAMIC_NO_PIC = NO;
				GCC_NO_COMMON_BLOCKS = YES;
				GCC_OPTIMIZATION_LEVEL = 0;
				GCC_PREPROCESSOR_DEFINITIONS = (
					"DEBUG=1",
					"$(inherited)",
				);
				GCC_WARN_64_TO_32_BIT_CONVERSION = YES;
				GCC_WARN_ABOUT_RETURN_TYPE = YES_ERROR;
				GCC_WARN_UNDECLARED_SELECTOR = YES;
				GCC_WARN_UNINITIALIZED_AUTOS = YES_AGGRESSIVE;
				GCC_WARN_UNUSED_FUNCTION = YES;
				GCC_WARN_UNUSED_VARIABLE = YES;
				MACOSX_DEPLOYMENT_TARGET = 10.15;
				MTL_ENABLE_DEBUG_INFO = INCLUDE_SOURCE;
				MTL_FAST_MATH = YES;
				ONLY_ACTIVE_ARCH = YES;
				SDKROOT = macosx;
			};
			name = Debug;
		};
		832E95B6260370DF00C08562 /* Release */ = {
			isa = XCBuildConfiguration;
			buildSettings = {
				ALWAYS_SEARCH_USER_PATHS = NO;
				CLANG_ANALYZER_NONNULL = YES;
				CLANG_ANALYZER_NUMBER_OBJECT_CONVERSION = YES_AGGRESSIVE;
				CLANG_CXX_LANGUAGE_STANDARD = "gnu++14";
				CLANG_CXX_LIBRARY = "libc++";
				CLANG_ENABLE_MODULES = YES;
				CLANG_ENABLE_OBJC_ARC = YES;
				CLANG_ENABLE_OBJC_WEAK = YES;
				CLANG_WARN_BLOCK_CAPTURE_AUTORELEASING = YES;
				CLANG_WARN_BOOL_CONVERSION = YES;
				CLANG_WARN_COMMA = YES;
				CLANG_WARN_CONSTANT_CONVERSION = YES;
				CLANG_WARN_DEPRECATED_OBJC_IMPLEMENTATIONS = YES;
				CLANG_WARN_DIRECT_OBJC_ISA_USAGE = YES_ERROR;
				CLANG_WARN_DOCUMENTATION_COMMENTS = YES;
				CLANG_WARN_EMPTY_BODY = YES;
				CLANG_WARN_ENUM_CONVERSION = YES;
				CLANG_WARN_INFINITE_RECURSION = YES;
				CLANG_WARN_INT_CONVERSION = YES;
				CLANG_WARN_NON_LITERAL_NULL_CONVERSION = YES;
				CLANG_WARN_OBJC_IMPLICIT_RETAIN_SELF = YES;
				CLANG_WARN_OBJC_LITERAL_CONVERSION = YES;
				CLANG_WARN_OBJC_ROOT_CLASS = YES_ERROR;
				CLANG_WARN_RANGE_LOOP_ANALYSIS = YES;
				CLANG_WARN_STRICT_PROTOTYPES = YES;
				CLANG_WARN_SUSPICIOUS_MOVE = YES;
				CLANG_WARN_UNGUARDED_AVAILABILITY = YES_AGGRESSIVE;
				CLANG_WARN_UNREACHABLE_CODE = YES;
				CLANG_WARN__DUPLICATE_METHOD_MATCH = YES;
				COPY_PHASE_STRIP = NO;
				DEBUG_INFORMATION_FORMAT = "dwarf-with-dsym";
				ENABLE_NS_ASSERTIONS = NO;
				ENABLE_STRICT_OBJC_MSGSEND = YES;
				GCC_C_LANGUAGE_STANDARD = gnu11;
				GCC_NO_COMMON_BLOCKS = YES;
				GCC_WARN_64_TO_32_BIT_CONVERSION = YES;
				GCC_WARN_ABOUT_RETURN_TYPE = YES_ERROR;
				GCC_WARN_UNDECLARED_SELECTOR = YES;
				GCC_WARN_UNINITIALIZED_AUTOS = YES_AGGRESSIVE;
				GCC_WARN_UNUSED_FUNCTION = YES;
				GCC_WARN_UNUSED_VARIABLE = YES;
				MACOSX_DEPLOYMENT_TARGET = 10.15;
				MTL_ENABLE_DEBUG_INFO = NO;
				MTL_FAST_MATH = YES;
				SDKROOT = macosx;
			};
			name = Release;
		};
		832E95B8260370DF00C08562 /* Debug */ = {
			isa = XCBuildConfiguration;
			buildSettings = {
				CODE_SIGN_STYLE = Automatic;
				HEADER_SEARCH_PATHS = /usr/local/include/opencv4;
				LIBRARY_SEARCH_PATHS = (
					"$(inherited)",
					/usr/local/Cellar/opencv/4.5.1_2/lib,
				);
				PRODUCT_NAME = "$(TARGET_NAME)";
			};
			name = Debug;
		};
		832E95B9260370DF00C08562 /* Release */ = {
			isa = XCBuildConfiguration;
			buildSettings = {
				CODE_SIGN_STYLE = Automatic;
				HEADER_SEARCH_PATHS = /usr/local/include/opencv4;
				LIBRARY_SEARCH_PATHS = (
					"$(inherited)",
					/usr/local/Cellar/opencv/4.5.1_2/lib,
				);
				PRODUCT_NAME = "$(TARGET_NAME)";
			};
			name = Release;
		};
/* End XCBuildConfiguration section */

/* Begin XCConfigurationList section */
		832E95AB260370DF00C08562 /* Build configuration list for PBXProject "dendrogram" */ = {
			isa = XCConfigurationList;
			buildConfigurations = (
				832E95B5260370DF00C08562 /* Debug */,
				832E95B6260370DF00C08562 /* Release */,
			);
			defaultConfigurationIsVisible = 0;
			defaultConfigurationName = Release;
		};
		832E95B7260370DF00C08562 /* Build configuration list for PBXNativeTarget "dendrogram" */ = {
			isa = XCConfigurationList;
			buildConfigurations = (
				832E95B8260370DF00C08562 /* Debug */,
				832E95B9260370DF00C08562 /* Release */,
			);
			defaultConfigurationIsVisible = 0;
			defaultConfigurationName = Release;
		};
/* End XCConfigurationList section */
	};
	rootObject = 832E95A8260370DF00C08562 /* Project object */;
}
